
Microsoft Visual Studio Solution File, Format Version 12.00
# Visual Studio Version 17
VisualStudioVersion = 17.0.31903.59
MinimumVisualStudioVersion = 10.0.40219.1
Project("{FAE04EC0-301F-11D3-BF4B-00C04F79EFBC}") = "ThermalPrinterWeb.Api", "backend\ThermalPrinterWeb.Api.csproj", "{208A20E4-D207-42C3-A143-E92E610A591C}"
EndProject
Project("{2150E333-8FDC-42A3-9474-1A3956D46DE8}") = "backend", "backend", "{1AE8ACA6-933B-BF2A-3671-3E2EAC007D16}"
EndProject
Project("{FAE04EC0-301F-11D3-BF4B-00C04F79EFBC}") = "ThermalPrinterWeb.Tests", "backend\ThermalPrinterWeb.Tests\ThermalPrinterWeb.Tests.csproj", "{89371B5A-0D27-47D1-BCF7-1D1CC777DA71}"
EndProject
Global
	GlobalSection(SolutionConfigurationPlatforms) = preSolution
		Debug|Any CPU = Debug|Any CPU
		Debug|x64 = Debug|x64
		Debug|x86 = Debug|x86
		Release|Any CPU = Release|Any CPU
		Release|x64 = Release|x64
		Release|x86 = Release|x86
	EndGlobalSection
	GlobalSection(ProjectConfigurationPlatforms) = postSolution
		{208A20E4-D207-42C3-A143-E92E610A591C}.Debug|Any CPU.ActiveCfg = Debug|Any CPU
		{208A20E4-D207-42C3-A143-E92E610A591C}.Debug|Any CPU.Build.0 = Debug|Any CPU
		{208A20E4-D207-42C3-A143-E92E610A591C}.Debug|x64.ActiveCfg = Debug|Any CPU
		{208A20E4-D207-42C3-A143-E92E610A591C}.Debug|x64.Build.0 = Debug|Any CPU
		{208A20E4-D207-42C3-A143-E92E610A591C}.Debug|x86.ActiveCfg = Debug|Any CPU
		{208A20E4-D207-42C3-A143-E92E610A591C}.Debug|x86.Build.0 = Debug|Any CPU
		{208A20E4-D207-42C3-A143-E92E610A591C}.Release|Any CPU.ActiveCfg = Release|Any CPU
		{208A20E4-D207-42C3-A143-E92E610A591C}.Release|Any CPU.Build.0 = Release|Any CPU
		{208A20E4-D207-42C3-A143-E92E610A591C}.Release|x64.ActiveCfg = Release|Any CPU
		{208A20E4-D207-42C3-A143-E92E610A591C}.Release|x64.Build.0 = Release|Any CPU
		{208A20E4-D207-42C3-A143-E92E610A591C}.Release|x86.ActiveCfg = Release|Any CPU
		{208A20E4-D207-42C3-A143-E92E610A591C}.Release|x86.Build.0 = Release|Any CPU
		{89371B5A-0D27-47D1-BCF7-1D1CC777DA71}.Debug|Any CPU.ActiveCfg = Debug|Any CPU
		{89371B5A-0D27-47D1-BCF7-1D1CC777DA71}.Debug|Any CPU.Build.0 = Debug|Any CPU
		{89371B5A-0D27-47D1-BCF7-1D1CC777DA71}.Debug|x64.ActiveCfg = Debug|Any CPU
		{89371B5A-0D27-47D1-BCF7-1D1CC777DA71}.Debug|x64.Build.0 = Debug|Any CPU
		{89371B5A-0D27-47D1-BCF7-1D1CC777DA71}.Debug|x86.ActiveCfg = Debug|Any CPU
		{89371B5A-0D27-47D1-BCF7-1D1CC777DA71}.Debug|x86.Build.0 = Debug|Any CPU
		{89371B5A-0D27-47D1-BCF7-1D1CC777DA71}.Release|Any CPU.ActiveCfg = Release|Any CPU
		{89371B5A-0D27-47D1-BCF7-1D1CC777DA71}.Release|Any CPU.Build.0 = Release|Any CPU
		{89371B5A-0D27-47D1-BCF7-1D1CC777DA71}.Release|x64.ActiveCfg = Release|Any CPU
		{89371B5A-0D27-47D1-BCF7-1D1CC777DA71}.Release|x64.Build.0 = Release|Any CPU
		{89371B5A-0D27-47D1-BCF7-1D1CC777DA71}.Release|x86.ActiveCfg = Release|Any CPU
		{89371B5A-0D27-47D1-BCF7-1D1CC777DA71}.Release|x86.Build.0 = Release|Any CPU
	EndGlobalSection
	GlobalSection(SolutionProperties) = preSolution
		HideSolutionNode = FALSE
	EndGlobalSection
	GlobalSection(NestedProjects) = preSolution
		{89371B5A-0D27-47D1-BCF7-1D1CC777DA71} = {1AE8ACA6-933B-BF2A-3671-3E2EAC007D16}
	EndGlobalSection
EndGlobal
